
Microsoft Visual Studio Solution File, Format Version 12.00
# Visual Studio Version 16
VisualStudioVersion = 16.0.30320.27
MinimumVisualStudioVersion = 10.0.40219.1
Project("{FAE04EC0-301F-11D3-BF4B-00C04F79EFBC}") = "C_sharp_7", "C_sharp_7.csproj", "{887DBC63-E669-4C80-B017-5BA2EAA4F88E}"
EndProject
Global
	GlobalSection(SolutionConfigurationPlatforms) = preSolution
		Debug|Any CPU = Debug|Any CPU
		Release|Any CPU = Release|Any CPU
	EndGlobalSection
	GlobalSection(ProjectConfigurationPlatforms) = postSolution
		{887DBC63-E669-4C80-B017-5BA2EAA4F88E}.Debug|Any CPU.ActiveCfg = Debug|Any CPU
		{887DBC63-E669-4C80-B017-5BA2EAA4F88E}.Debug|Any CPU.Build.0 = Debug|Any CPU
		{887DBC63-E669-4C80-B017-5BA2EAA4F88E}.Release|Any CPU.ActiveCfg = Release|Any CPU
		{887DBC63-E669-4C80-B017-5BA2EAA4F88E}.Release|Any CPU.Build.0 = Release|Any CPU
	EndGlobalSection
	GlobalSection(SolutionProperties) = preSolution
		HideSolutionNode = FALSE
	EndGlobalSection
	GlobalSection(ExtensibilityGlobals) = postSolution
		SolutionGuid = {040ECD26-0709-41CC-94A1-466714C7E807}
	EndGlobalSection
EndGlobal
